// !$*UTF8*$!
{
	archiveVersion = 1;
	classes = {
	};
	objectVersion = 48;
	objects = {

/* Begin PBXBuildFile section */
		040302F0201F12EB00AFA216 /* MessageService.swift in Sources */ = {isa = PBXBuildFile; fileRef = 040302EF201F12EB00AFA216 /* MessageService.swift */; };
		040302F2201F221200AFA216 /* Channel.swift in Sources */ = {isa = PBXBuildFile; fileRef = 040302F1201F221200AFA216 /* Channel.swift */; };
		040302F4201FD69900AFA216 /* ChannelCell.swift in Sources */ = {isa = PBXBuildFile; fileRef = 040302F3201FD69900AFA216 /* ChannelCell.swift */; };
		04178A552028969900079730 /* AddChannelVC.swift in Sources */ = {isa = PBXBuildFile; fileRef = 04178A532028969900079730 /* AddChannelVC.swift */; };
		04178A562028969900079730 /* AddChannelVCViewController.xib in Resources */ = {isa = PBXBuildFile; fileRef = 04178A542028969900079730 /* AddChannelVCViewController.xib */; };
		04178A7A20415D8E00079730 /* SocketService.swift in Sources */ = {isa = PBXBuildFile; fileRef = 04178A7920415D8E00079730 /* SocketService.swift */; };
		0423B2B91FE74AEE000E6B43 /* GradientView.swift in Sources */ = {isa = PBXBuildFile; fileRef = 0423B2B81FE74AEE000E6B43 /* GradientView.swift */; };
		0424782A1FDF3D68004CE619 /* ChatVC.swift in Sources */ = {isa = PBXBuildFile; fileRef = 042478291FDF3D68004CE619 /* ChatVC.swift */; };
		0424782C1FDF3E15004CE619 /* ChannelVC.swift in Sources */ = {isa = PBXBuildFile; fileRef = 0424782B1FDF3E15004CE619 /* ChannelVC.swift */; };
		043EA6F41FF6D00F0053EFCF /* AuthService.swift in Sources */ = {isa = PBXBuildFile; fileRef = 043EA6F31FF6D00F0053EFCF /* AuthService.swift */; };
		04414448206018D900B6166B /* Message.swift in Sources */ = {isa = PBXBuildFile; fileRef = 04414447206018D900B6166B /* Message.swift */; };
		04462E3E1FF4E47D00598CD3 /* Constants.swift in Sources */ = {isa = PBXBuildFile; fileRef = 04462E3D1FF4E47D00598CD3 /* Constants.swift */; };
		04462E401FF5583500598CD3 /* LoginVC.swift in Sources */ = {isa = PBXBuildFile; fileRef = 04462E3F1FF5583500598CD3 /* LoginVC.swift */; };
		04462E421FF5922F00598CD3 /* CreateAccountVC.swift in Sources */ = {isa = PBXBuildFile; fileRef = 04462E411FF5922F00598CD3 /* CreateAccountVC.swift */; };
		044E99B3200A1290004717F7 /* ProfileVC.swift in Sources */ = {isa = PBXBuildFile; fileRef = 044E99B1200A1290004717F7 /* ProfileVC.swift */; };
		044E99B4200A1290004717F7 /* ProfileVC.xib in Resources */ = {isa = PBXBuildFile; fileRef = 044E99B2200A1290004717F7 /* ProfileVC.xib */; };
		048E98811FFD94FA00149CDE /* AvatarPickerVC.swift in Sources */ = {isa = PBXBuildFile; fileRef = 048E98801FFD94FA00149CDE /* AvatarPickerVC.swift */; };
		04B722501FFE6BDE0002836D /* AvatarCell.swift in Sources */ = {isa = PBXBuildFile; fileRef = 04B7224F1FFE6BDE0002836D /* AvatarCell.swift */; };
		04CC42741FFBB04D00F97A7F /* RoundedButton.swift in Sources */ = {isa = PBXBuildFile; fileRef = 04CC42731FFBB04D00F97A7F /* RoundedButton.swift */; };
		04EF8F421FFFC85A00080902 /* CircleImage.swift in Sources */ = {isa = PBXBuildFile; fileRef = 04EF8F411FFFC85A00080902 /* CircleImage.swift */; };
		04F51AD51FE521D8009AF8B7 /* SWRevealViewController.m in Sources */ = {isa = PBXBuildFile; fileRef = 04F51AD31FE521D8009AF8B7 /* SWRevealViewController.m */; };
		04F6ECFA1FFCB9EB00EF5FC4 /* UserDataService.swift in Sources */ = {isa = PBXBuildFile; fileRef = 04F6ECF91FFCB9EB00EF5FC4 /* UserDataService.swift */; };
		04FE23991FCC788300DD3020 /* AppDelegate.swift in Sources */ = {isa = PBXBuildFile; fileRef = 04FE23981FCC788300DD3020 /* AppDelegate.swift */; };
		04FE239E1FCC788300DD3020 /* Main.storyboard in Resources */ = {isa = PBXBuildFile; fileRef = 04FE239C1FCC788300DD3020 /* Main.storyboard */; };
		04FE23A01FCC788300DD3020 /* Assets.xcassets in Resources */ = {isa = PBXBuildFile; fileRef = 04FE239F1FCC788300DD3020 /* Assets.xcassets */; };
		04FE23A31FCC788300DD3020 /* LaunchScreen.storyboard in Resources */ = {isa = PBXBuildFile; fileRef = 04FE23A11FCC788300DD3020 /* LaunchScreen.storyboard */; };
		FD4CB8CBF35D28DB0AD885B4 /* Pods_Smack.framework in Frameworks */ = {isa = PBXBuildFile; fileRef = 48D3C60DAD4CB7BCA1E46602 /* Pods_Smack.framework */; };
/* End PBXBuildFile section */

/* Begin PBXFileReference section */
		040302EF201F12EB00AFA216 /* MessageService.swift */ = {isa = PBXFileReference; lastKnownFileType = sourcecode.swift; path = MessageService.swift; sourceTree = "<group>"; };
		040302F1201F221200AFA216 /* Channel.swift */ = {isa = PBXFileReference; lastKnownFileType = sourcecode.swift; path = Channel.swift; sourceTree = "<group>"; };
		040302F3201FD69900AFA216 /* ChannelCell.swift */ = {isa = PBXFileReference; lastKnownFileType = sourcecode.swift; path = ChannelCell.swift; sourceTree = "<group>"; };
		04178A532028969900079730 /* AddChannelVC.swift */ = {isa = PBXFileReference; lastKnownFileType = sourcecode.swift; path = AddChannelVC.swift; sourceTree = "<group>"; };
		04178A542028969900079730 /* AddChannelVCViewController.xib */ = {isa = PBXFileReference; lastKnownFileType = file.xib; path = AddChannelVCViewController.xib; sourceTree = "<group>"; };
		04178A7920415D8E00079730 /* SocketService.swift */ = {isa = PBXFileReference; lastKnownFileType = sourcecode.swift; path = SocketService.swift; sourceTree = "<group>"; };
		0423B2B81FE74AEE000E6B43 /* GradientView.swift */ = {isa = PBXFileReference; lastKnownFileType = sourcecode.swift; path = GradientView.swift; sourceTree = "<group>"; };
		042478291FDF3D68004CE619 /* ChatVC.swift */ = {isa = PBXFileReference; lastKnownFileType = sourcecode.swift; path = ChatVC.swift; sourceTree = "<group>"; };
		0424782B1FDF3E15004CE619 /* ChannelVC.swift */ = {isa = PBXFileReference; lastKnownFileType = sourcecode.swift; path = ChannelVC.swift; sourceTree = "<group>"; };
		043EA6F31FF6D00F0053EFCF /* AuthService.swift */ = {isa = PBXFileReference; lastKnownFileType = sourcecode.swift; path = AuthService.swift; sourceTree = "<group>"; };
		04414447206018D900B6166B /* Message.swift */ = {isa = PBXFileReference; lastKnownFileType = sourcecode.swift; path = Message.swift; sourceTree = "<group>"; };
		04462E3D1FF4E47D00598CD3 /* Constants.swift */ = {isa = PBXFileReference; lastKnownFileType = sourcecode.swift; path = Constants.swift; sourceTree = "<group>"; };
		04462E3F1FF5583500598CD3 /* LoginVC.swift */ = {isa = PBXFileReference; lastKnownFileType = sourcecode.swift; path = LoginVC.swift; sourceTree = "<group>"; };
		04462E411FF5922F00598CD3 /* CreateAccountVC.swift */ = {isa = PBXFileReference; lastKnownFileType = sourcecode.swift; path = CreateAccountVC.swift; sourceTree = "<group>"; };
		044E99B1200A1290004717F7 /* ProfileVC.swift */ = {isa = PBXFileReference; lastKnownFileType = sourcecode.swift; path = ProfileVC.swift; sourceTree = "<group>"; };
		044E99B2200A1290004717F7 /* ProfileVC.xib */ = {isa = PBXFileReference; lastKnownFileType = file.xib; path = ProfileVC.xib; sourceTree = "<group>"; };
		048E98801FFD94FA00149CDE /* AvatarPickerVC.swift */ = {isa = PBXFileReference; lastKnownFileType = sourcecode.swift; path = AvatarPickerVC.swift; sourceTree = "<group>"; };
		04B7224F1FFE6BDE0002836D /* AvatarCell.swift */ = {isa = PBXFileReference; lastKnownFileType = sourcecode.swift; path = AvatarCell.swift; sourceTree = "<group>"; };
		04CC42731FFBB04D00F97A7F /* RoundedButton.swift */ = {isa = PBXFileReference; lastKnownFileType = sourcecode.swift; path = RoundedButton.swift; sourceTree = "<group>"; };
		04EF8F411FFFC85A00080902 /* CircleImage.swift */ = {isa = PBXFileReference; lastKnownFileType = sourcecode.swift; path = CircleImage.swift; sourceTree = "<group>"; };
		04F51AD31FE521D8009AF8B7 /* SWRevealViewController.m */ = {isa = PBXFileReference; fileEncoding = 4; lastKnownFileType = sourcecode.c.objc; path = SWRevealViewController.m; sourceTree = "<group>"; };
		04F51AD41FE521D8009AF8B7 /* SWRevealViewController.h */ = {isa = PBXFileReference; fileEncoding = 4; lastKnownFileType = sourcecode.c.h; path = SWRevealViewController.h; sourceTree = "<group>"; };
		04F51AD61FE521F2009AF8B7 /* Smack-Bridging-Header.h */ = {isa = PBXFileReference; lastKnownFileType = sourcecode.c.h; path = "Smack-Bridging-Header.h"; sourceTree = "<group>"; };
		04F6ECF91FFCB9EB00EF5FC4 /* UserDataService.swift */ = {isa = PBXFileReference; lastKnownFileType = sourcecode.swift; path = UserDataService.swift; sourceTree = "<group>"; };
		04FE23951FCC788300DD3020 /* Smack.app */ = {isa = PBXFileReference; explicitFileType = wrapper.application; includeInIndex = 0; path = Smack.app; sourceTree = BUILT_PRODUCTS_DIR; };
		04FE23981FCC788300DD3020 /* AppDelegate.swift */ = {isa = PBXFileReference; lastKnownFileType = sourcecode.swift; path = AppDelegate.swift; sourceTree = "<group>"; };
		04FE239D1FCC788300DD3020 /* Base */ = {isa = PBXFileReference; lastKnownFileType = file.storyboard; name = Base; path = Base.lproj/Main.storyboard; sourceTree = "<group>"; };
		04FE239F1FCC788300DD3020 /* Assets.xcassets */ = {isa = PBXFileReference; lastKnownFileType = folder.assetcatalog; path = Assets.xcassets; sourceTree = "<group>"; };
		04FE23A21FCC788300DD3020 /* Base */ = {isa = PBXFileReference; lastKnownFileType = file.storyboard; name = Base; path = Base.lproj/LaunchScreen.storyboard; sourceTree = "<group>"; };
		04FE23A41FCC788300DD3020 /* Info.plist */ = {isa = PBXFileReference; lastKnownFileType = text.plist.xml; path = Info.plist; sourceTree = "<group>"; };
		48D3C60DAD4CB7BCA1E46602 /* Pods_Smack.framework */ = {isa = PBXFileReference; explicitFileType = wrapper.framework; includeInIndex = 0; path = Pods_Smack.framework; sourceTree = BUILT_PRODUCTS_DIR; };
		764BDB8D7D1F47EC8C454F93 /* Pods-Smack.release.xcconfig */ = {isa = PBXFileReference; includeInIndex = 1; lastKnownFileType = text.xcconfig; name = "Pods-Smack.release.xcconfig"; path = "Pods/Target Support Files/Pods-Smack/Pods-Smack.release.xcconfig"; sourceTree = "<group>"; };
		C04F8790ADB7CD0F6EAEC42F /* Pods-Smack.debug.xcconfig */ = {isa = PBXFileReference; includeInIndex = 1; lastKnownFileType = text.xcconfig; name = "Pods-Smack.debug.xcconfig"; path = "Pods/Target Support Files/Pods-Smack/Pods-Smack.debug.xcconfig"; sourceTree = "<group>"; };
/* End PBXFileReference section */

/* Begin PBXFrameworksBuildPhase section */
		04FE23921FCC788200DD3020 /* Frameworks */ = {
			isa = PBXFrameworksBuildPhase;
			buildActionMask = 2147483647;
			files = (
				FD4CB8CBF35D28DB0AD885B4 /* Pods_Smack.framework in Frameworks */,
			);
			runOnlyForDeploymentPostprocessing = 0;
		};
/* End PBXFrameworksBuildPhase section */

/* Begin PBXGroup section */
		042478261FDF3A9D004CE619 /* Controller */ = {
			isa = PBXGroup;
			children = (
				042478291FDF3D68004CE619 /* ChatVC.swift */,
				0424782B1FDF3E15004CE619 /* ChannelVC.swift */,
				04462E3F1FF5583500598CD3 /* LoginVC.swift */,
				04462E411FF5922F00598CD3 /* CreateAccountVC.swift */,
				048E98801FFD94FA00149CDE /* AvatarPickerVC.swift */,
				044E99B1200A1290004717F7 /* ProfileVC.swift */,
				04178A532028969900079730 /* AddChannelVC.swift */,
			);
			path = Controller;
			sourceTree = "<group>";
		};
		042478271FDF3AEE004CE619 /* View */ = {
			isa = PBXGroup;
			children = (
				0423B2B81FE74AEE000E6B43 /* GradientView.swift */,
				04CC42731FFBB04D00F97A7F /* RoundedButton.swift */,
				04B7224F1FFE6BDE0002836D /* AvatarCell.swift */,
				04EF8F411FFFC85A00080902 /* CircleImage.swift */,
				040302F3201FD69900AFA216 /* ChannelCell.swift */,
			);
			path = View;
			sourceTree = "<group>";
		};
		042478281FDF3AF8004CE619 /* Model */ = {
			isa = PBXGroup;
			children = (
				040302F1201F221200AFA216 /* Channel.swift */,
				04414447206018D900B6166B /* Message.swift */,
			);
			path = Model;
			sourceTree = "<group>";
		};
		043EA6F21FF6CF320053EFCF /* Services */ = {
			isa = PBXGroup;
			children = (
				043EA6F31FF6D00F0053EFCF /* AuthService.swift */,
				04F6ECF91FFCB9EB00EF5FC4 /* UserDataService.swift */,
				040302EF201F12EB00AFA216 /* MessageService.swift */,
				04178A7920415D8E00079730 /* SocketService.swift */,
			);
			path = Services;
			sourceTree = "<group>";
		};
		04462E3C1FF4E44900598CD3 /* Utilities */ = {
			isa = PBXGroup;
			children = (
				04462E3D1FF4E47D00598CD3 /* Constants.swift */,
			);
			path = Utilities;
			sourceTree = "<group>";
		};
		0447F2BC1FDE961000DBC564 /* Supporting Files */ = {
			isa = PBXGroup;
			children = (
				04F51AD61FE521F2009AF8B7 /* Smack-Bridging-Header.h */,
				04F51AD41FE521D8009AF8B7 /* SWRevealViewController.h */,
				04F51AD31FE521D8009AF8B7 /* SWRevealViewController.m */,
			);
			path = "Supporting Files";
			sourceTree = "<group>";
		};
		044E99DE200B6BF8004717F7 /* XIBs */ = {
			isa = PBXGroup;
			children = (
				044E99B2200A1290004717F7 /* ProfileVC.xib */,
				04178A542028969900079730 /* AddChannelVCViewController.xib */,
			);
			path = XIBs;
			sourceTree = "<group>";
		};
		04FE238C1FCC788200DD3020 = {
			isa = PBXGroup;
			children = (
				04FE23971FCC788300DD3020 /* Smack */,
				04FE23961FCC788300DD3020 /* Products */,
				CA3D1D7FBD77F0D95C60644A /* Pods */,
				64E928E645DCCD1B57C24CB4 /* Frameworks */,
			);
			sourceTree = "<group>";
		};
		04FE23961FCC788300DD3020 /* Products */ = {
			isa = PBXGroup;
			children = (
				04FE23951FCC788300DD3020 /* Smack.app */,
			);
			name = Products;
			sourceTree = "<group>";
		};
		04FE23971FCC788300DD3020 /* Smack */ = {
			isa = PBXGroup;
			children = (
				044E99DE200B6BF8004717F7 /* XIBs */,
				043EA6F21FF6CF320053EFCF /* Services */,
				04462E3C1FF4E44900598CD3 /* Utilities */,
				042478281FDF3AF8004CE619 /* Model */,
				042478271FDF3AEE004CE619 /* View */,
				042478261FDF3A9D004CE619 /* Controller */,
				0447F2BC1FDE961000DBC564 /* Supporting Files */,
				04FE23981FCC788300DD3020 /* AppDelegate.swift */,
				04FE239C1FCC788300DD3020 /* Main.storyboard */,
				04FE239F1FCC788300DD3020 /* Assets.xcassets */,
				04FE23A11FCC788300DD3020 /* LaunchScreen.storyboard */,
				04FE23A41FCC788300DD3020 /* Info.plist */,
			);
			path = Smack;
			sourceTree = "<group>";
		};
		64E928E645DCCD1B57C24CB4 /* Frameworks */ = {
			isa = PBXGroup;
			children = (
				48D3C60DAD4CB7BCA1E46602 /* Pods_Smack.framework */,
			);
			name = Frameworks;
			sourceTree = "<group>";
		};
		CA3D1D7FBD77F0D95C60644A /* Pods */ = {
			isa = PBXGroup;
			children = (
				C04F8790ADB7CD0F6EAEC42F /* Pods-Smack.debug.xcconfig */,
				764BDB8D7D1F47EC8C454F93 /* Pods-Smack.release.xcconfig */,
			);
			name = Pods;
			sourceTree = "<group>";
		};
/* End PBXGroup section */

/* Begin PBXNativeTarget section */
		04FE23941FCC788200DD3020 /* Smack */ = {
			isa = PBXNativeTarget;
			buildConfigurationList = 04FE23A71FCC788300DD3020 /* Build configuration list for PBXNativeTarget "Smack" */;
			buildPhases = (
				F8914BCB54904E96A93A58B1 /* [CP] Check Pods Manifest.lock */,
				04FE23911FCC788200DD3020 /* Sources */,
				04FE23921FCC788200DD3020 /* Frameworks */,
				04FE23931FCC788200DD3020 /* Resources */,
				AC92AEA63139FCE57F496396 /* [CP] Embed Pods Frameworks */,
				54FACB7E5354E44370F1118A /* [CP] Copy Pods Resources */,
			);
			buildRules = (
			);
			dependencies = (
			);
			name = Smack;
			productName = Smack;
			productReference = 04FE23951FCC788300DD3020 /* Smack.app */;
			productType = "com.apple.product-type.application";
		};
/* End PBXNativeTarget section */

/* Begin PBXProject section */
		04FE238D1FCC788200DD3020 /* Project object */ = {
			isa = PBXProject;
			attributes = {
				LastSwiftUpdateCheck = 0910;
				LastUpgradeCheck = 0910;
				ORGANIZATIONNAME = Maike;
				TargetAttributes = {
					04FE23941FCC788200DD3020 = {
						CreatedOnToolsVersion = 9.1;
						LastSwiftMigration = 0910;
						ProvisioningStyle = Automatic;
					};
				};
			};
			buildConfigurationList = 04FE23901FCC788200DD3020 /* Build configuration list for PBXProject "Smack" */;
			compatibilityVersion = "Xcode 8.0";
			developmentRegion = en;
			hasScannedForEncodings = 0;
			knownRegions = (
				en,
				Base,
			);
			mainGroup = 04FE238C1FCC788200DD3020;
			productRefGroup = 04FE23961FCC788300DD3020 /* Products */;
			projectDirPath = "";
			projectRoot = "";
			targets = (
				04FE23941FCC788200DD3020 /* Smack */,
			);
		};
/* End PBXProject section */

/* Begin PBXResourcesBuildPhase section */
		04FE23931FCC788200DD3020 /* Resources */ = {
			isa = PBXResourcesBuildPhase;
			buildActionMask = 2147483647;
			files = (
				04178A562028969900079730 /* AddChannelVCViewController.xib in Resources */,
				044E99B4200A1290004717F7 /* ProfileVC.xib in Resources */,
				04FE23A31FCC788300DD3020 /* LaunchScreen.storyboard in Resources */,
				04FE23A01FCC788300DD3020 /* Assets.xcassets in Resources */,
				04FE239E1FCC788300DD3020 /* Main.storyboard in Resources */,
			);
			runOnlyForDeploymentPostprocessing = 0;
		};
/* End PBXResourcesBuildPhase section */

/* Begin PBXShellScriptBuildPhase section */
		54FACB7E5354E44370F1118A /* [CP] Copy Pods Resources */ = {
			isa = PBXShellScriptBuildPhase;
			buildActionMask = 2147483647;
			files = (
			);
			inputPaths = (
			);
			name = "[CP] Copy Pods Resources";
			outputPaths = (
			);
			runOnlyForDeploymentPostprocessing = 0;
			shellPath = /bin/sh;
			shellScript = "\"${SRCROOT}/Pods/Target Support Files/Pods-Smack/Pods-Smack-resources.sh\"\n";
			showEnvVarsInLog = 0;
		};
		AC92AEA63139FCE57F496396 /* [CP] Embed Pods Frameworks */ = {
			isa = PBXShellScriptBuildPhase;
			buildActionMask = 2147483647;
			files = (
			);
			inputPaths = (
				"${SRCROOT}/Pods/Target Support Files/Pods-Smack/Pods-Smack-frameworks.sh",
				"${BUILT_PRODUCTS_DIR}/Alamofire/Alamofire.framework",
				"${BUILT_PRODUCTS_DIR}/Socket.IO-Client-Swift/SocketIO.framework",
				"${BUILT_PRODUCTS_DIR}/StarscreamSocketIO/StarscreamSocketIO.framework",
				"${BUILT_PRODUCTS_DIR}/SwiftyJSON/SwiftyJSON.framework",
			);
			name = "[CP] Embed Pods Frameworks";
			outputPaths = (
				"${TARGET_BUILD_DIR}/${FRAMEWORKS_FOLDER_PATH}/Alamofire.framework",
				"${TARGET_BUILD_DIR}/${FRAMEWORKS_FOLDER_PATH}/SocketIO.framework",
				"${TARGET_BUILD_DIR}/${FRAMEWORKS_FOLDER_PATH}/StarscreamSocketIO.framework",
				"${TARGET_BUILD_DIR}/${FRAMEWORKS_FOLDER_PATH}/SwiftyJSON.framework",
			);
			runOnlyForDeploymentPostprocessing = 0;
			shellPath = /bin/sh;
			shellScript = "\"${SRCROOT}/Pods/Target Support Files/Pods-Smack/Pods-Smack-frameworks.sh\"\n";
			showEnvVarsInLog = 0;
		};
		F8914BCB54904E96A93A58B1 /* [CP] Check Pods Manifest.lock */ = {
			isa = PBXShellScriptBuildPhase;
			buildActionMask = 2147483647;
			files = (
			);
			inputPaths = (
				"${PODS_PODFILE_DIR_PATH}/Podfile.lock",
				"${PODS_ROOT}/Manifest.lock",
			);
			name = "[CP] Check Pods Manifest.lock";
			outputPaths = (
				"$(DERIVED_FILE_DIR)/Pods-Smack-checkManifestLockResult.txt",
			);
			runOnlyForDeploymentPostprocessing = 0;
			shellPath = /bin/sh;
			shellScript = "diff \"${PODS_PODFILE_DIR_PATH}/Podfile.lock\" \"${PODS_ROOT}/Manifest.lock\" > /dev/null\nif [ $? != 0 ] ; then\n    # print error to STDERR\n    echo \"error: The sandbox is not in sync with the Podfile.lock. Run 'pod install' or update your CocoaPods installation.\" >&2\n    exit 1\nfi\n# This output is used by Xcode 'outputs' to avoid re-running this script phase.\necho \"SUCCESS\" > \"${SCRIPT_OUTPUT_FILE_0}\"\n";
			showEnvVarsInLog = 0;
		};
/* End PBXShellScriptBuildPhase section */

/* Begin PBXSourcesBuildPhase section */
		04FE23911FCC788200DD3020 /* Sources */ = {
			isa = PBXSourcesBuildPhase;
			buildActionMask = 2147483647;
			files = (
				04178A7A20415D8E00079730 /* SocketService.swift in Sources */,
				044E99B3200A1290004717F7 /* ProfileVC.swift in Sources */,
				040302F4201FD69900AFA216 /* ChannelCell.swift in Sources */,
				0424782C1FDF3E15004CE619 /* ChannelVC.swift in Sources */,
				048E98811FFD94FA00149CDE /* AvatarPickerVC.swift in Sources */,
				04CC42741FFBB04D00F97A7F /* RoundedButton.swift in Sources */,
				04414448206018D900B6166B /* Message.swift in Sources */,
				040302F2201F221200AFA216 /* Channel.swift in Sources */,
				04EF8F421FFFC85A00080902 /* CircleImage.swift in Sources */,
				040302F0201F12EB00AFA216 /* MessageService.swift in Sources */,
				0424782A1FDF3D68004CE619 /* ChatVC.swift in Sources */,
				04F6ECFA1FFCB9EB00EF5FC4 /* UserDataService.swift in Sources */,
				04462E421FF5922F00598CD3 /* CreateAccountVC.swift in Sources */,
				043EA6F41FF6D00F0053EFCF /* AuthService.swift in Sources */,
				04462E401FF5583500598CD3 /* LoginVC.swift in Sources */,
				0423B2B91FE74AEE000E6B43 /* GradientView.swift in Sources */,
				04178A552028969900079730 /* AddChannelVC.swift in Sources */,
				04B722501FFE6BDE0002836D /* AvatarCell.swift in Sources */,
				04FE23991FCC788300DD3020 /* AppDelegate.swift in Sources */,
				04F51AD51FE521D8009AF8B7 /* SWRevealViewController.m in Sources */,
				04462E3E1FF4E47D00598CD3 /* Constants.swift in Sources */,
			);
			runOnlyForDeploymentPostprocessing = 0;
		};
/* End PBXSourcesBuildPhase section */

/* Begin PBXVariantGroup section */
		04FE239C1FCC788300DD3020 /* Main.storyboard */ = {
			isa = PBXVariantGroup;
			children = (
				04FE239D1FCC788300DD3020 /* Base */,
			);
			name = Main.storyboard;
			sourceTree = "<group>";
		};
		04FE23A11FCC788300DD3020 /* LaunchScreen.storyboard */ = {
			isa = PBXVariantGroup;
			children = (
				04FE23A21FCC788300DD3020 /* Base */,
			);
			name = LaunchScreen.storyboard;
			sourceTree = "<group>";
		};
/* End PBXVariantGroup section */

/* Begin XCBuildConfiguration section */
		04FE23A51FCC788300DD3020 /* Debug */ = {
			isa = XCBuildConfiguration;
			buildSettings = {
				ALWAYS_SEARCH_USER_PATHS = NO;
				CLANG_ANALYZER_NONNULL = YES;
				CLANG_ANALYZER_NUMBER_OBJECT_CONVERSION = YES_AGGRESSIVE;
				CLANG_CXX_LANGUAGE_STANDARD = "gnu++14";
				CLANG_CXX_LIBRARY = "libc++";
				CLANG_ENABLE_MODULES = YES;
				CLANG_ENABLE_OBJC_ARC = YES;
				CLANG_WARN_BLOCK_CAPTURE_AUTORELEASING = YES;
				CLANG_WARN_BOOL_CONVERSION = YES;
				CLANG_WARN_COMMA = YES;
				CLANG_WARN_CONSTANT_CONVERSION = YES;
				CLANG_WARN_DIRECT_OBJC_ISA_USAGE = YES_ERROR;
				CLANG_WARN_DOCUMENTATION_COMMENTS = YES;
				CLANG_WARN_EMPTY_BODY = YES;
				CLANG_WARN_ENUM_CONVERSION = YES;
				CLANG_WARN_INFINITE_RECURSION = YES;
				CLANG_WARN_INT_CONVERSION = YES;
				CLANG_WARN_NON_LITERAL_NULL_CONVERSION = YES;
				CLANG_WARN_OBJC_LITERAL_CONVERSION = YES;
				CLANG_WARN_OBJC_ROOT_CLASS = YES_ERROR;
				CLANG_WARN_RANGE_LOOP_ANALYSIS = YES;
				CLANG_WARN_STRICT_PROTOTYPES = YES;
				CLANG_WARN_SUSPICIOUS_MOVE = YES;
				CLANG_WARN_UNGUARDED_AVAILABILITY = YES_AGGRESSIVE;
				CLANG_WARN_UNREACHABLE_CODE = YES;
				CLANG_WARN__DUPLICATE_METHOD_MATCH = YES;
				CODE_SIGN_IDENTITY = "iPhone Developer";
				COPY_PHASE_STRIP = NO;
				DEBUG_INFORMATION_FORMAT = dwarf;
				ENABLE_STRICT_OBJC_MSGSEND = YES;
				ENABLE_TESTABILITY = YES;
				GCC_C_LANGUAGE_STANDARD = gnu11;
				GCC_DYNAMIC_NO_PIC = NO;
				GCC_NO_COMMON_BLOCKS = YES;
				GCC_OPTIMIZATION_LEVEL = 0;
				GCC_PREPROCESSOR_DEFINITIONS = (
					"DEBUG=1",
					"$(inherited)",
				);
				GCC_WARN_64_TO_32_BIT_CONVERSION = YES;
				GCC_WARN_ABOUT_RETURN_TYPE = YES_ERROR;
				GCC_WARN_UNDECLARED_SELECTOR = YES;
				GCC_WARN_UNINITIALIZED_AUTOS = YES_AGGRESSIVE;
				GCC_WARN_UNUSED_FUNCTION = YES;
				GCC_WARN_UNUSED_VARIABLE = YES;
				IPHONEOS_DEPLOYMENT_TARGET = 11.1;
				MTL_ENABLE_DEBUG_INFO = YES;
				ONLY_ACTIVE_ARCH = YES;
				SDKROOT = iphoneos;
				SWIFT_ACTIVE_COMPILATION_CONDITIONS = DEBUG;
				SWIFT_OPTIMIZATION_LEVEL = "-Onone";
			};
			name = Debug;
		};
		04FE23A61FCC788300DD3020 /* Release */ = {
			isa = XCBuildConfiguration;
			buildSettings = {
				ALWAYS_SEARCH_USER_PATHS = NO;
				CLANG_ANALYZER_NONNULL = YES;
				CLANG_ANALYZER_NUMBER_OBJECT_CONVERSION = YES_AGGRESSIVE;
				CLANG_CXX_LANGUAGE_STANDARD = "gnu++14";
				CLANG_CXX_LIBRARY = "libc++";
				CLANG_ENABLE_MODULES = YES;
				CLANG_ENABLE_OBJC_ARC = YES;
				CLANG_WARN_BLOCK_CAPTURE_AUTORELEASING = YES;
				CLANG_WARN_BOOL_CONVERSION = YES;
				CLANG_WARN_COMMA = YES;
				CLANG_WARN_CONSTANT_CONVERSION = YES;
				CLANG_WARN_DIRECT_OBJC_ISA_USAGE = YES_ERROR;
				CLANG_WARN_DOCUMENTATION_COMMENTS = YES;
				CLANG_WARN_EMPTY_BODY = YES;
				CLANG_WARN_ENUM_CONVERSION = YES;
				CLANG_WARN_INFINITE_RECURSION = YES;
				CLANG_WARN_INT_CONVERSION = YES;
				CLANG_WARN_NON_LITERAL_NULL_CONVERSION = YES;
				CLANG_WARN_OBJC_LITERAL_CONVERSION = YES;
				CLANG_WARN_OBJC_ROOT_CLASS = YES_ERROR;
				CLANG_WARN_RANGE_LOOP_ANALYSIS = YES;
				CLANG_WARN_STRICT_PROTOTYPES = YES;
				CLANG_WARN_SUSPICIOUS_MOVE = YES;
				CLANG_WARN_UNGUARDED_AVAILABILITY = YES_AGGRESSIVE;
				CLANG_WARN_UNREACHABLE_CODE = YES;
				CLANG_WARN__DUPLICATE_METHOD_MATCH = YES;
				CODE_SIGN_IDENTITY = "iPhone Developer";
				COPY_PHASE_STRIP = NO;
				DEBUG_INFORMATION_FORMAT = "dwarf-with-dsym";
				ENABLE_NS_ASSERTIONS = NO;
				ENABLE_STRICT_OBJC_MSGSEND = YES;
				GCC_C_LANGUAGE_STANDARD = gnu11;
				GCC_NO_COMMON_BLOCKS = YES;
				GCC_WARN_64_TO_32_BIT_CONVERSION = YES;
				GCC_WARN_ABOUT_RETURN_TYPE = YES_ERROR;
				GCC_WARN_UNDECLARED_SELECTOR = YES;
				GCC_WARN_UNINITIALIZED_AUTOS = YES_AGGRESSIVE;
				GCC_WARN_UNUSED_FUNCTION = YES;
				GCC_WARN_UNUSED_VARIABLE = YES;
				IPHONEOS_DEPLOYMENT_TARGET = 11.1;
				MTL_ENABLE_DEBUG_INFO = NO;
				SDKROOT = iphoneos;
				SWIFT_OPTIMIZATION_LEVEL = "-Owholemodule";
				VALIDATE_PRODUCT = YES;
			};
			name = Release;
		};
		04FE23A81FCC788300DD3020 /* Debug */ = {
			isa = XCBuildConfiguration;
			baseConfigurationReference = C04F8790ADB7CD0F6EAEC42F /* Pods-Smack.debug.xcconfig */;
			buildSettings = {
				ASSETCATALOG_COMPILER_APPICON_NAME = AppIcon;
				CLANG_ENABLE_MODULES = YES;
				CODE_SIGN_STYLE = Automatic;
				DEVELOPMENT_TEAM = KGZ6SQN442;
				INFOPLIST_FILE = Smack/Info.plist;
				IPHONEOS_DEPLOYMENT_TARGET = 9.0;
				LD_RUNPATH_SEARCH_PATHS = "$(inherited) @executable_path/Frameworks";
				PRODUCT_BUNDLE_IDENTIFIER = com.maike.Smack;
				PRODUCT_NAME = "$(TARGET_NAME)";
				SWIFT_OBJC_BRIDGING_HEADER = "Smack/Supporting Files/Smack-Bridging-Header.h";
				SWIFT_OPTIMIZATION_LEVEL = "-Onone";
				SWIFT_VERSION = 4.0;
				TARGETED_DEVICE_FAMILY = "1,2";
			};
			name = Debug;
		};
		04FE23A91FCC788300DD3020 /* Release */ = {
			isa = XCBuildConfiguration;
			baseConfigurationReference = 764BDB8D7D1F47EC8C454F93 /* Pods-Smack.release.xcconfig */;
			buildSettings = {
				ASSETCATALOG_COMPILER_APPICON_NAME = AppIcon;
				CLANG_ENABLE_MODULES = YES;
				CODE_SIGN_STYLE = Automatic;
				DEVELOPMENT_TEAM = KGZ6SQN442;
				INFOPLIST_FILE = Smack/Info.plist;
				IPHONEOS_DEPLOYMENT_TARGET = 9.0;
				LD_RUNPATH_SEARCH_PATHS = "$(inherited) @executable_path/Frameworks";
				PRODUCT_BUNDLE_IDENTIFIER = com.maike.Smack;
				PRODUCT_NAME = "$(TARGET_NAME)";
				SWIFT_OBJC_BRIDGING_HEADER = "Smack/Supporting Files/Smack-Bridging-Header.h";
				SWIFT_VERSION = 4.0;
				TARGETED_DEVICE_FAMILY = "1,2";
			};
			name = Release;
		};
/* End XCBuildConfiguration section */

/* Begin XCConfigurationList section */
		04FE23901FCC788200DD3020 /* Build configuration list for PBXProject "Smack" */ = {
			isa = XCConfigurationList;
			buildConfigurations = (
				04FE23A51FCC788300DD3020 /* Debug */,
				04FE23A61FCC788300DD3020 /* Release */,
			);
			defaultConfigurationIsVisible = 0;
			defaultConfigurationName = Release;
		};
		04FE23A71FCC788300DD3020 /* Build configuration list for PBXNativeTarget "Smack" */ = {
			isa = XCConfigurationList;
			buildConfigurations = (
				04FE23A81FCC788300DD3020 /* Debug */,
				04FE23A91FCC788300DD3020 /* Release */,
			);
			defaultConfigurationIsVisible = 0;
			defaultConfigurationName = Release;
		};
/* End XCConfigurationList section */
	};
	rootObject = 04FE238D1FCC788200DD3020 /* Project object */;
}
